
Microsoft Visual Studio Solution File, Format Version 12.00
# Visual Studio Version 17
VisualStudioVersion = 17.3.32922.545
MinimumVisualStudioVersion = 10.0.40219.1
Project("{9A19103F-16F7-4668-BE54-9A1E7A4F7556}") = "LinqTuning", "LinqTuning\LinqTuning.csproj", "{A345F009-0DD9-4A4D-88D1-6B91B69BD77F}"
EndProject
Project("{9A19103F-16F7-4668-BE54-9A1E7A4F7556}") = "DictionaryDemo", "DictionaryDemo\DictionaryDemo.csproj", "{B6061F2C-7B06-4062-ADEC-3E2546BA238C}"
EndProject
Project("{9A19103F-16F7-4668-BE54-9A1E7A4F7556}") = "HolderDemo", "HolderDemo\HolderDemo.csproj", "{6E992995-A825-4AB8-A01B-1F8A6FB151AB}"
EndProject
Project("{9A19103F-16F7-4668-BE54-9A1E7A4F7556}") = "GenericStruct", "GenericStruct\GenericStruct.csproj", "{A5E3CF6A-1730-4ED3-87CA-A5E4DF13A6B6}"
EndProject
Project("{9A19103F-16F7-4668-BE54-9A1E7A4F7556}") = "GenericDelegate", "GenericDelegate\GenericDelegate.csproj", "{CAD81307-9C12-43FD-8167-6E573F7841BF}"
EndProject
Project("{9A19103F-16F7-4668-BE54-9A1E7A4F7556}") = "GenericInterface", "GenericInterface\GenericInterface.csproj", "{B65B76D0-5FC7-46C4-BABD-106CEC64A8A6}"
EndProject
Project("{9A19103F-16F7-4668-BE54-9A1E7A4F7556}") = "GenericConvariance", "GenericConvariance\GenericConvariance.csproj", "{2901DE28-B829-4C35-BDAF-9A306489D6D7}"
EndProject
Project("{9A19103F-16F7-4668-BE54-9A1E7A4F7556}") = "GenericContravariance", "GenericContravariance\GenericContravariance.csproj", "{87262AFB-2CBD-4EC8-B7E4-0DB6706B2001}"
EndProject
Project("{9A19103F-16F7-4668-BE54-9A1E7A4F7556}") = "DownloadWebsites", "DownloadWebsites\DownloadWebsites.csproj", "{7E816BA1-56D1-4AF7-A052-D78CAAE412F9}"
EndProject
Project("{9A19103F-16F7-4668-BE54-9A1E7A4F7556}") = "ValueTaskDemo", "ValueTaskDemo\ValueTaskDemo.csproj", "{EB6D9320-AFF8-441E-B750-F0DE2140154E}"
EndProject
Project("{9A19103F-16F7-4668-BE54-9A1E7A4F7556}") = "ManualForeach", "ManualForeach\ManualForeach.csproj", "{BDF371DB-710D-43A6-8175-EFAC3563EEDD}"
EndProject
Project("{9A19103F-16F7-4668-BE54-9A1E7A4F7556}") = "CustomEnumerator", "CustomEnumerator\CustomEnumerator.csproj", "{B6DF97F9-B289-40A9-80A9-50B329A36F40}"
EndProject
Project("{9A19103F-16F7-4668-BE54-9A1E7A4F7556}") = "MethodQuerySyntaxLinq", "MethodQuerySyntaxLinq\MethodQuerySyntaxLinq.csproj", "{E7C9E8B7-D2C0-4160-9638-6A7F5229C9F9}"
EndProject
Project("{9A19103F-16F7-4668-BE54-9A1E7A4F7556}") = "GroupLinqDemo", "GroupLinqDemo\GroupLinqDemo.csproj", "{401D4E07-7345-45DF-A944-A6CC41043FE6}"
EndProject
Project("{9A19103F-16F7-4668-BE54-9A1E7A4F7556}") = "IntoLinqDemo", "IntoLinqDemo\IntoLinqDemo.csproj", "{9C3182FB-0E25-4E98-85F2-E4FAB556F218}"
EndProject
Project("{9A19103F-16F7-4668-BE54-9A1E7A4F7556}") = "EmployeesXMLDemo", "EmployeesXMLDemo\EmployeesXMLDemo.csproj", "{3339998C-319E-439C-BAFE-901B58DA46FB}"
EndProject
Project("{9A19103F-16F7-4668-BE54-9A1E7A4F7556}") = "EventDemo", "EventDemo\EventDemo.csproj", "{5B466CE8-3375-4A46-9AF6-B2910734C761}"
EndProject
Project("{FAE04EC0-301F-11D3-BF4B-00C04F79EFBC}") = "InterfaceDemo", "InterfaceDemo\InterfaceDemo.csproj", "{9F4773CE-6064-46D1-A3C2-D9FFE6550561}"
EndProject
Project("{FAE04EC0-301F-11D3-BF4B-00C04F79EFBC}") = "Asynchronous", "Asynchronous\Asynchronous.csproj", "{B1E33B83-9A23-4531-8708-3057590B79BB}"
EndProject
Project("{FAE04EC0-301F-11D3-BF4B-00C04F79EFBC}") = "DelegateCaptured", "DelegateCaptured\DelegateCaptured.csproj", "{1A5B1F11-39DD-4733-B5CF-0508590C62E6}"
EndProject
Project("{FAE04EC0-301F-11D3-BF4B-00C04F79EFBC}") = "EnumDemo", "EnumDemo\EnumDemo.csproj", "{40EBD960-AA77-4292-8B57-5B9BC39474EC}"
EndProject
Project("{FAE04EC0-301F-11D3-BF4B-00C04F79EFBC}") = "NewGeneric", "NewGeneric\NewGeneric.csproj", "{A37AE554-BD9E-49AA-B5B0-AF9827FB2DE9}"
EndProject
Project("{FAE04EC0-301F-11D3-BF4B-00C04F79EFBC}") = "AnonymousType", "AnonymousType\AnonymousType.csproj", "{84909C00-6BBA-45BF-957D-5467524E7836}"
EndProject
Project("{FAE04EC0-301F-11D3-BF4B-00C04F79EFBC}") = "StructDemo", "StructDemo\StructDemo.csproj", "{BC035BEE-03D0-41D2-B483-C752F5F9DB47}"
EndProject
Project("{FAE04EC0-301F-11D3-BF4B-00C04F79EFBC}") = "MyDelegateDemo", "MyDelegateDemo\MyDelegateDemo.csproj", "{706D6BD9-ACE8-446C-9734-0D49F6D73B60}"
EndProject
Project("{FAE04EC0-301F-11D3-BF4B-00C04F79EFBC}") = "SyncDemo", "SyncDemo\SyncDemo.csproj", "{5620201A-4038-4B17-AD2C-FD1E0E4B45AA}"
EndProject
Project("{FAE04EC0-301F-11D3-BF4B-00C04F79EFBC}") = "ThreadDemo", "ThreadDemo\ThreadDemo.csproj", "{DA03824D-5F78-4ABB-AFCF-B8190772B83C}"
EndProject
Global
	GlobalSection(SolutionConfigurationPlatforms) = preSolution
		Debug|Any CPU = Debug|Any CPU
		Debug|x64 = Debug|x64
		Debug|x86 = Debug|x86
		Release|Any CPU = Release|Any CPU
		Release|x64 = Release|x64
		Release|x86 = Release|x86
	EndGlobalSection
	GlobalSection(ProjectConfigurationPlatforms) = postSolution
		{A345F009-0DD9-4A4D-88D1-6B91B69BD77F}.Debug|Any CPU.ActiveCfg = Debug|Any CPU
		{A345F009-0DD9-4A4D-88D1-6B91B69BD77F}.Debug|Any CPU.Build.0 = Debug|Any CPU
		{A345F009-0DD9-4A4D-88D1-6B91B69BD77F}.Debug|x64.ActiveCfg = Debug|Any CPU
		{A345F009-0DD9-4A4D-88D1-6B91B69BD77F}.Debug|x64.Build.0 = Debug|Any CPU
		{A345F009-0DD9-4A4D-88D1-6B91B69BD77F}.Debug|x86.ActiveCfg = Debug|Any CPU
		{A345F009-0DD9-4A4D-88D1-6B91B69BD77F}.Debug|x86.Build.0 = Debug|Any CPU
		{A345F009-0DD9-4A4D-88D1-6B91B69BD77F}.Release|Any CPU.ActiveCfg = Release|Any CPU
		{A345F009-0DD9-4A4D-88D1-6B91B69BD77F}.Release|Any CPU.Build.0 = Release|Any CPU
		{A345F009-0DD9-4A4D-88D1-6B91B69BD77F}.Release|x64.ActiveCfg = Release|Any CPU
		{A345F009-0DD9-4A4D-88D1-6B91B69BD77F}.Release|x64.Build.0 = Release|Any CPU
		{A345F009-0DD9-4A4D-88D1-6B91B69BD77F}.Release|x86.ActiveCfg = Release|Any CPU
		{A345F009-0DD9-4A4D-88D1-6B91B69BD77F}.Release|x86.Build.0 = Release|Any CPU
		{B6061F2C-7B06-4062-ADEC-3E2546BA238C}.Debug|Any CPU.ActiveCfg = Debug|Any CPU
		{B6061F2C-7B06-4062-ADEC-3E2546BA238C}.Debug|Any CPU.Build.0 = Debug|Any CPU
		{B6061F2C-7B06-4062-ADEC-3E2546BA238C}.Debug|x64.ActiveCfg = Debug|Any CPU
		{B6061F2C-7B06-4062-ADEC-3E2546BA238C}.Debug|x64.Build.0 = Debug|Any CPU
		{B6061F2C-7B06-4062-ADEC-3E2546BA238C}.Debug|x86.ActiveCfg = Debug|Any CPU
		{B6061F2C-7B06-4062-ADEC-3E2546BA238C}.Debug|x86.Build.0 = Debug|Any CPU
		{B6061F2C-7B06-4062-ADEC-3E2546BA238C}.Release|Any CPU.ActiveCfg = Release|Any CPU
		{B6061F2C-7B06-4062-ADEC-3E2546BA238C}.Release|Any CPU.Build.0 = Release|Any CPU
		{B6061F2C-7B06-4062-ADEC-3E2546BA238C}.Release|x64.ActiveCfg = Release|Any CPU
		{B6061F2C-7B06-4062-ADEC-3E2546BA238C}.Release|x64.Build.0 = Release|Any CPU
		{B6061F2C-7B06-4062-ADEC-3E2546BA238C}.Release|x86.ActiveCfg = Release|Any CPU
		{B6061F2C-7B06-4062-ADEC-3E2546BA238C}.Release|x86.Build.0 = Release|Any CPU
		{6E992995-A825-4AB8-A01B-1F8A6FB151AB}.Debug|Any CPU.ActiveCfg = Debug|Any CPU
		{6E992995-A825-4AB8-A01B-1F8A6FB151AB}.Debug|Any CPU.Build.0 = Debug|Any CPU
		{6E992995-A825-4AB8-A01B-1F8A6FB151AB}.Debug|x64.ActiveCfg = Debug|Any CPU
		{6E992995-A825-4AB8-A01B-1F8A6FB151AB}.Debug|x64.Build.0 = Debug|Any CPU
		{6E992995-A825-4AB8-A01B-1F8A6FB151AB}.Debug|x86.ActiveCfg = Debug|Any CPU
		{6E992995-A825-4AB8-A01B-1F8A6FB151AB}.Debug|x86.Build.0 = Debug|Any CPU
		{6E992995-A825-4AB8-A01B-1F8A6FB151AB}.Release|Any CPU.ActiveCfg = Release|Any CPU
		{6E992995-A825-4AB8-A01B-1F8A6FB151AB}.Release|Any CPU.Build.0 = Release|Any CPU
		{6E992995-A825-4AB8-A01B-1F8A6FB151AB}.Release|x64.ActiveCfg = Release|Any CPU
		{6E992995-A825-4AB8-A01B-1F8A6FB151AB}.Release|x64.Build.0 = Release|Any CPU
		{6E992995-A825-4AB8-A01B-1F8A6FB151AB}.Release|x86.ActiveCfg = Release|Any CPU
		{6E992995-A825-4AB8-A01B-1F8A6FB151AB}.Release|x86.Build.0 = Release|Any CPU
		{A5E3CF6A-1730-4ED3-87CA-A5E4DF13A6B6}.Debug|Any CPU.ActiveCfg = Debug|Any CPU
		{A5E3CF6A-1730-4ED3-87CA-A5E4DF13A6B6}.Debug|Any CPU.Build.0 = Debug|Any CPU
		{A5E3CF6A-1730-4ED3-87CA-A5E4DF13A6B6}.Debug|x64.ActiveCfg = Debug|Any CPU
		{A5E3CF6A-1730-4ED3-87CA-A5E4DF13A6B6}.Debug|x64.Build.0 = Debug|Any CPU
		{A5E3CF6A-1730-4ED3-87CA-A5E4DF13A6B6}.Debug|x86.ActiveCfg = Debug|Any CPU
		{A5E3CF6A-1730-4ED3-87CA-A5E4DF13A6B6}.Debug|x86.Build.0 = Debug|Any CPU
		{A5E3CF6A-1730-4ED3-87CA-A5E4DF13A6B6}.Release|Any CPU.ActiveCfg = Release|Any CPU
		{A5E3CF6A-1730-4ED3-87CA-A5E4DF13A6B6}.Release|Any CPU.Build.0 = Release|Any CPU
		{A5E3CF6A-1730-4ED3-87CA-A5E4DF13A6B6}.Release|x64.ActiveCfg = Release|Any CPU
		{A5E3CF6A-1730-4ED3-87CA-A5E4DF13A6B6}.Release|x64.Build.0 = Release|Any CPU
		{A5E3CF6A-1730-4ED3-87CA-A5E4DF13A6B6}.Release|x86.ActiveCfg = Release|Any CPU
		{A5E3CF6A-1730-4ED3-87CA-A5E4DF13A6B6}.Release|x86.Build.0 = Release|Any CPU
		{CAD81307-9C12-43FD-8167-6E573F7841BF}.Debug|Any CPU.ActiveCfg = Debug|Any CPU
		{CAD81307-9C12-43FD-8167-6E573F7841BF}.Debug|Any CPU.Build.0 = Debug|Any CPU
		{CAD81307-9C12-43FD-8167-6E573F7841BF}.Debug|x64.ActiveCfg = Debug|Any CPU
		{CAD81307-9C12-43FD-8167-6E573F7841BF}.Debug|x64.Build.0 = Debug|Any CPU
		{CAD81307-9C12-43FD-8167-6E573F7841BF}.Debug|x86.ActiveCfg = Debug|Any CPU
		{CAD81307-9C12-43FD-8167-6E573F7841BF}.Debug|x86.Build.0 = Debug|Any CPU
		{CAD81307-9C12-43FD-8167-6E573F7841BF}.Release|Any CPU.ActiveCfg = Release|Any CPU
		{CAD81307-9C12-43FD-8167-6E573F7841BF}.Release|Any CPU.Build.0 = Release|Any CPU
		{CAD81307-9C12-43FD-8167-6E573F7841BF}.Release|x64.ActiveCfg = Release|Any CPU
		{CAD81307-9C12-43FD-8167-6E573F7841BF}.Release|x64.Build.0 = Release|Any CPU
		{CAD81307-9C12-43FD-8167-6E573F7841BF}.Release|x86.ActiveCfg = Release|Any CPU
		{CAD81307-9C12-43FD-8167-6E573F7841BF}.Release|x86.Build.0 = Release|Any CPU
		{B65B76D0-5FC7-46C4-BABD-106CEC64A8A6}.Debug|Any CPU.ActiveCfg = Debug|Any CPU
		{B65B76D0-5FC7-46C4-BABD-106CEC64A8A6}.Debug|Any CPU.Build.0 = Debug|Any CPU
		{B65B76D0-5FC7-46C4-BABD-106CEC64A8A6}.Debug|x64.ActiveCfg = Debug|Any CPU
		{B65B76D0-5FC7-46C4-BABD-106CEC64A8A6}.Debug|x64.Build.0 = Debug|Any CPU
		{B65B76D0-5FC7-46C4-BABD-106CEC64A8A6}.Debug|x86.ActiveCfg = Debug|Any CPU
		{B65B76D0-5FC7-46C4-BABD-106CEC64A8A6}.Debug|x86.Build.0 = Debug|Any CPU
		{B65B76D0-5FC7-46C4-BABD-106CEC64A8A6}.Release|Any CPU.ActiveCfg = Release|Any CPU
		{B65B76D0-5FC7-46C4-BABD-106CEC64A8A6}.Release|Any CPU.Build.0 = Release|Any CPU
		{B65B76D0-5FC7-46C4-BABD-106CEC64A8A6}.Release|x64.ActiveCfg = Release|Any CPU
		{B65B76D0-5FC7-46C4-BABD-106CEC64A8A6}.Release|x64.Build.0 = Release|Any CPU
		{B65B76D0-5FC7-46C4-BABD-106CEC64A8A6}.Release|x86.ActiveCfg = Release|Any CPU
		{B65B76D0-5FC7-46C4-BABD-106CEC64A8A6}.Release|x86.Build.0 = Release|Any CPU
		{2901DE28-B829-4C35-BDAF-9A306489D6D7}.Debug|Any CPU.ActiveCfg = Debug|Any CPU
		{2901DE28-B829-4C35-BDAF-9A306489D6D7}.Debug|Any CPU.Build.0 = Debug|Any CPU
		{2901DE28-B829-4C35-BDAF-9A306489D6D7}.Debug|x64.ActiveCfg = Debug|Any CPU
		{2901DE28-B829-4C35-BDAF-9A306489D6D7}.Debug|x64.Build.0 = Debug|Any CPU
		{2901DE28-B829-4C35-BDAF-9A306489D6D7}.Debug|x86.ActiveCfg = Debug|Any CPU
		{2901DE28-B829-4C35-BDAF-9A306489D6D7}.Debug|x86.Build.0 = Debug|Any CPU
		{2901DE28-B829-4C35-BDAF-9A306489D6D7}.Release|Any CPU.ActiveCfg = Release|Any CPU
		{2901DE28-B829-4C35-BDAF-9A306489D6D7}.Release|Any CPU.Build.0 = Release|Any CPU
		{2901DE28-B829-4C35-BDAF-9A306489D6D7}.Release|x64.ActiveCfg = Release|Any CPU
		{2901DE28-B829-4C35-BDAF-9A306489D6D7}.Release|x64.Build.0 = Release|Any CPU
		{2901DE28-B829-4C35-BDAF-9A306489D6D7}.Release|x86.ActiveCfg = Release|Any CPU
		{2901DE28-B829-4C35-BDAF-9A306489D6D7}.Release|x86.Build.0 = Release|Any CPU
		{87262AFB-2CBD-4EC8-B7E4-0DB6706B2001}.Debug|Any CPU.ActiveCfg = Debug|Any CPU
		{87262AFB-2CBD-4EC8-B7E4-0DB6706B2001}.Debug|Any CPU.Build.0 = Debug|Any CPU
		{87262AFB-2CBD-4EC8-B7E4-0DB6706B2001}.Debug|x64.ActiveCfg = Debug|Any CPU
		{87262AFB-2CBD-4EC8-B7E4-0DB6706B2001}.Debug|x64.Build.0 = Debug|Any CPU
		{87262AFB-2CBD-4EC8-B7E4-0DB6706B2001}.Debug|x86.ActiveCfg = Debug|Any CPU
		{87262AFB-2CBD-4EC8-B7E4-0DB6706B2001}.Debug|x86.Build.0 = Debug|Any CPU
		{87262AFB-2CBD-4EC8-B7E4-0DB6706B2001}.Release|Any CPU.ActiveCfg = Release|Any CPU
		{87262AFB-2CBD-4EC8-B7E4-0DB6706B2001}.Release|Any CPU.Build.0 = Release|Any CPU
		{87262AFB-2CBD-4EC8-B7E4-0DB6706B2001}.Release|x64.ActiveCfg = Release|Any CPU
		{87262AFB-2CBD-4EC8-B7E4-0DB6706B2001}.Release|x64.Build.0 = Release|Any CPU
		{87262AFB-2CBD-4EC8-B7E4-0DB6706B2001}.Release|x86.ActiveCfg = Release|Any CPU
		{87262AFB-2CBD-4EC8-B7E4-0DB6706B2001}.Release|x86.Build.0 = Release|Any CPU
		{7E816BA1-56D1-4AF7-A052-D78CAAE412F9}.Debug|Any CPU.ActiveCfg = Debug|Any CPU
		{7E816BA1-56D1-4AF7-A052-D78CAAE412F9}.Debug|Any CPU.Build.0 = Debug|Any CPU
		{7E816BA1-56D1-4AF7-A052-D78CAAE412F9}.Debug|x64.ActiveCfg = Debug|Any CPU
		{7E816BA1-56D1-4AF7-A052-D78CAAE412F9}.Debug|x64.Build.0 = Debug|Any CPU
		{7E816BA1-56D1-4AF7-A052-D78CAAE412F9}.Debug|x86.ActiveCfg = Debug|Any CPU
		{7E816BA1-56D1-4AF7-A052-D78CAAE412F9}.Debug|x86.Build.0 = Debug|Any CPU
		{7E816BA1-56D1-4AF7-A052-D78CAAE412F9}.Release|Any CPU.ActiveCfg = Release|Any CPU
		{7E816BA1-56D1-4AF7-A052-D78CAAE412F9}.Release|Any CPU.Build.0 = Release|Any CPU
		{7E816BA1-56D1-4AF7-A052-D78CAAE412F9}.Release|x64.ActiveCfg = Release|Any CPU
		{7E816BA1-56D1-4AF7-A052-D78CAAE412F9}.Release|x64.Build.0 = Release|Any CPU
		{7E816BA1-56D1-4AF7-A052-D78CAAE412F9}.Release|x86.ActiveCfg = Release|Any CPU
		{7E816BA1-56D1-4AF7-A052-D78CAAE412F9}.Release|x86.Build.0 = Release|Any CPU
		{EB6D9320-AFF8-441E-B750-F0DE2140154E}.Debug|Any CPU.ActiveCfg = Debug|Any CPU
		{EB6D9320-AFF8-441E-B750-F0DE2140154E}.Debug|Any CPU.Build.0 = Debug|Any CPU
		{EB6D9320-AFF8-441E-B750-F0DE2140154E}.Debug|x64.ActiveCfg = Debug|Any CPU
		{EB6D9320-AFF8-441E-B750-F0DE2140154E}.Debug|x64.Build.0 = Debug|Any CPU
		{EB6D9320-AFF8-441E-B750-F0DE2140154E}.Debug|x86.ActiveCfg = Debug|Any CPU
		{EB6D9320-AFF8-441E-B750-F0DE2140154E}.Debug|x86.Build.0 = Debug|Any CPU
		{EB6D9320-AFF8-441E-B750-F0DE2140154E}.Release|Any CPU.ActiveCfg = Release|Any CPU
		{EB6D9320-AFF8-441E-B750-F0DE2140154E}.Release|Any CPU.Build.0 = Release|Any CPU
		{EB6D9320-AFF8-441E-B750-F0DE2140154E}.Release|x64.ActiveCfg = Release|Any CPU
		{EB6D9320-AFF8-441E-B750-F0DE2140154E}.Release|x64.Build.0 = Release|Any CPU
		{EB6D9320-AFF8-441E-B750-F0DE2140154E}.Release|x86.ActiveCfg = Release|Any CPU
		{EB6D9320-AFF8-441E-B750-F0DE2140154E}.Release|x86.Build.0 = Release|Any CPU
		{BDF371DB-710D-43A6-8175-EFAC3563EEDD}.Debug|Any CPU.ActiveCfg = Debug|Any CPU
		{BDF371DB-710D-43A6-8175-EFAC3563EEDD}.Debug|Any CPU.Build.0 = Debug|Any CPU
		{BDF371DB-710D-43A6-8175-EFAC3563EEDD}.Debug|x64.ActiveCfg = Debug|Any CPU
		{BDF371DB-710D-43A6-8175-EFAC3563EEDD}.Debug|x64.Build.0 = Debug|Any CPU
		{BDF371DB-710D-43A6-8175-EFAC3563EEDD}.Debug|x86.ActiveCfg = Debug|Any CPU
		{BDF371DB-710D-43A6-8175-EFAC3563EEDD}.Debug|x86.Build.0 = Debug|Any CPU
		{BDF371DB-710D-43A6-8175-EFAC3563EEDD}.Release|Any CPU.ActiveCfg = Release|Any CPU
		{BDF371DB-710D-43A6-8175-EFAC3563EEDD}.Release|Any CPU.Build.0 = Release|Any CPU
		{BDF371DB-710D-43A6-8175-EFAC3563EEDD}.Release|x64.ActiveCfg = Release|Any CPU
		{BDF371DB-710D-43A6-8175-EFAC3563EEDD}.Release|x64.Build.0 = Release|Any CPU
		{BDF371DB-710D-43A6-8175-EFAC3563EEDD}.Release|x86.ActiveCfg = Release|Any CPU
		{BDF371DB-710D-43A6-8175-EFAC3563EEDD}.Release|x86.Build.0 = Release|Any CPU
		{B6DF97F9-B289-40A9-80A9-50B329A36F40}.Debug|Any CPU.ActiveCfg = Debug|Any CPU
		{B6DF97F9-B289-40A9-80A9-50B329A36F40}.Debug|Any CPU.Build.0 = Debug|Any CPU
		{B6DF97F9-B289-40A9-80A9-50B329A36F40}.Debug|x64.ActiveCfg = Debug|Any CPU
		{B6DF97F9-B289-40A9-80A9-50B329A36F40}.Debug|x64.Build.0 = Debug|Any CPU
		{B6DF97F9-B289-40A9-80A9-50B329A36F40}.Debug|x86.ActiveCfg = Debug|Any CPU
		{B6DF97F9-B289-40A9-80A9-50B329A36F40}.Debug|x86.Build.0 = Debug|Any CPU
		{B6DF97F9-B289-40A9-80A9-50B329A36F40}.Release|Any CPU.ActiveCfg = Release|Any CPU
		{B6DF97F9-B289-40A9-80A9-50B329A36F40}.Release|Any CPU.Build.0 = Release|Any CPU
		{B6DF97F9-B289-40A9-80A9-50B329A36F40}.Release|x64.ActiveCfg = Release|Any CPU
		{B6DF97F9-B289-40A9-80A9-50B329A36F40}.Release|x64.Build.0 = Release|Any CPU
		{B6DF97F9-B289-40A9-80A9-50B329A36F40}.Release|x86.ActiveCfg = Release|Any CPU
		{B6DF97F9-B289-40A9-80A9-50B329A36F40}.Release|x86.Build.0 = Release|Any CPU
		{E7C9E8B7-D2C0-4160-9638-6A7F5229C9F9}.Debug|Any CPU.ActiveCfg = Debug|Any CPU
		{E7C9E8B7-D2C0-4160-9638-6A7F5229C9F9}.Debug|Any CPU.Build.0 = Debug|Any CPU
		{E7C9E8B7-D2C0-4160-9638-6A7F5229C9F9}.Debug|x64.ActiveCfg = Debug|Any CPU
		{E7C9E8B7-D2C0-4160-9638-6A7F5229C9F9}.Debug|x64.Build.0 = Debug|Any CPU
		{E7C9E8B7-D2C0-4160-9638-6A7F5229C9F9}.Debug|x86.ActiveCfg = Debug|Any CPU
		{E7C9E8B7-D2C0-4160-9638-6A7F5229C9F9}.Debug|x86.Build.0 = Debug|Any CPU
		{E7C9E8B7-D2C0-4160-9638-6A7F5229C9F9}.Release|Any CPU.ActiveCfg = Release|Any CPU
		{E7C9E8B7-D2C0-4160-9638-6A7F5229C9F9}.Release|Any CPU.Build.0 = Release|Any CPU
		{E7C9E8B7-D2C0-4160-9638-6A7F5229C9F9}.Release|x64.ActiveCfg = Release|Any CPU
		{E7C9E8B7-D2C0-4160-9638-6A7F5229C9F9}.Release|x64.Build.0 = Release|Any CPU
		{E7C9E8B7-D2C0-4160-9638-6A7F5229C9F9}.Release|x86.ActiveCfg = Release|Any CPU
		{E7C9E8B7-D2C0-4160-9638-6A7F5229C9F9}.Release|x86.Build.0 = Release|Any CPU
		{401D4E07-7345-45DF-A944-A6CC41043FE6}.Debug|Any CPU.ActiveCfg = Debug|Any CPU
		{401D4E07-7345-45DF-A944-A6CC41043FE6}.Debug|Any CPU.Build.0 = Debug|Any CPU
		{401D4E07-7345-45DF-A944-A6CC41043FE6}.Debug|x64.ActiveCfg = Debug|Any CPU
		{401D4E07-7345-45DF-A944-A6CC41043FE6}.Debug|x64.Build.0 = Debug|Any CPU
		{401D4E07-7345-45DF-A944-A6CC41043FE6}.Debug|x86.ActiveCfg = Debug|Any CPU
		{401D4E07-7345-45DF-A944-A6CC41043FE6}.Debug|x86.Build.0 = Debug|Any CPU
		{401D4E07-7345-45DF-A944-A6CC41043FE6}.Release|Any CPU.ActiveCfg = Release|Any CPU
		{401D4E07-7345-45DF-A944-A6CC41043FE6}.Release|Any CPU.Build.0 = Release|Any CPU
		{401D4E07-7345-45DF-A944-A6CC41043FE6}.Release|x64.ActiveCfg = Release|Any CPU
		{401D4E07-7345-45DF-A944-A6CC41043FE6}.Release|x64.Build.0 = Release|Any CPU
		{401D4E07-7345-45DF-A944-A6CC41043FE6}.Release|x86.ActiveCfg = Release|Any CPU
		{401D4E07-7345-45DF-A944-A6CC41043FE6}.Release|x86.Build.0 = Release|Any CPU
		{9C3182FB-0E25-4E98-85F2-E4FAB556F218}.Debug|Any CPU.ActiveCfg = Debug|Any CPU
		{9C3182FB-0E25-4E98-85F2-E4FAB556F218}.Debug|Any CPU.Build.0 = Debug|Any CPU
		{9C3182FB-0E25-4E98-85F2-E4FAB556F218}.Debug|x64.ActiveCfg = Debug|Any CPU
		{9C3182FB-0E25-4E98-85F2-E4FAB556F218}.Debug|x64.Build.0 = Debug|Any CPU
		{9C3182FB-0E25-4E98-85F2-E4FAB556F218}.Debug|x86.ActiveCfg = Debug|Any CPU
		{9C3182FB-0E25-4E98-85F2-E4FAB556F218}.Debug|x86.Build.0 = Debug|Any CPU
		{9C3182FB-0E25-4E98-85F2-E4FAB556F218}.Release|Any CPU.ActiveCfg = Release|Any CPU
		{9C3182FB-0E25-4E98-85F2-E4FAB556F218}.Release|Any CPU.Build.0 = Release|Any CPU
		{9C3182FB-0E25-4E98-85F2-E4FAB556F218}.Release|x64.ActiveCfg = Release|Any CPU
		{9C3182FB-0E25-4E98-85F2-E4FAB556F218}.Release|x64.Build.0 = Release|Any CPU
		{9C3182FB-0E25-4E98-85F2-E4FAB556F218}.Release|x86.ActiveCfg = Release|Any CPU
		{9C3182FB-0E25-4E98-85F2-E4FAB556F218}.Release|x86.Build.0 = Release|Any CPU
		{3339998C-319E-439C-BAFE-901B58DA46FB}.Debug|Any CPU.ActiveCfg = Debug|Any CPU
		{3339998C-319E-439C-BAFE-901B58DA46FB}.Debug|Any CPU.Build.0 = Debug|Any CPU
		{3339998C-319E-439C-BAFE-901B58DA46FB}.Debug|x64.ActiveCfg = Debug|Any CPU
		{3339998C-319E-439C-BAFE-901B58DA46FB}.Debug|x64.Build.0 = Debug|Any CPU
		{3339998C-319E-439C-BAFE-901B58DA46FB}.Debug|x86.ActiveCfg = Debug|Any CPU
		{3339998C-319E-439C-BAFE-901B58DA46FB}.Debug|x86.Build.0 = Debug|Any CPU
		{3339998C-319E-439C-BAFE-901B58DA46FB}.Release|Any CPU.ActiveCfg = Release|Any CPU
		{3339998C-319E-439C-BAFE-901B58DA46FB}.Release|Any CPU.Build.0 = Release|Any CPU
		{3339998C-319E-439C-BAFE-901B58DA46FB}.Release|x64.ActiveCfg = Release|Any CPU
		{3339998C-319E-439C-BAFE-901B58DA46FB}.Release|x64.Build.0 = Release|Any CPU
		{3339998C-319E-439C-BAFE-901B58DA46FB}.Release|x86.ActiveCfg = Release|Any CPU
		{3339998C-319E-439C-BAFE-901B58DA46FB}.Release|x86.Build.0 = Release|Any CPU
		{5B466CE8-3375-4A46-9AF6-B2910734C761}.Debug|Any CPU.ActiveCfg = Debug|Any CPU
		{5B466CE8-3375-4A46-9AF6-B2910734C761}.Debug|Any CPU.Build.0 = Debug|Any CPU
		{5B466CE8-3375-4A46-9AF6-B2910734C761}.Debug|x64.ActiveCfg = Debug|Any CPU
		{5B466CE8-3375-4A46-9AF6-B2910734C761}.Debug|x64.Build.0 = Debug|Any CPU
		{5B466CE8-3375-4A46-9AF6-B2910734C761}.Debug|x86.ActiveCfg = Debug|Any CPU
		{5B466CE8-3375-4A46-9AF6-B2910734C761}.Debug|x86.Build.0 = Debug|Any CPU
		{5B466CE8-3375-4A46-9AF6-B2910734C761}.Release|Any CPU.ActiveCfg = Release|Any CPU
		{5B466CE8-3375-4A46-9AF6-B2910734C761}.Release|Any CPU.Build.0 = Release|Any CPU
		{5B466CE8-3375-4A46-9AF6-B2910734C761}.Release|x64.ActiveCfg = Release|Any CPU
		{5B466CE8-3375-4A46-9AF6-B2910734C761}.Release|x64.Build.0 = Release|Any CPU
		{5B466CE8-3375-4A46-9AF6-B2910734C761}.Release|x86.ActiveCfg = Release|Any CPU
		{5B466CE8-3375-4A46-9AF6-B2910734C761}.Release|x86.Build.0 = Release|Any CPU
		{9F4773CE-6064-46D1-A3C2-D9FFE6550561}.Debug|Any CPU.ActiveCfg = Debug|Any CPU
		{9F4773CE-6064-46D1-A3C2-D9FFE6550561}.Debug|Any CPU.Build.0 = Debug|Any CPU
		{9F4773CE-6064-46D1-A3C2-D9FFE6550561}.Debug|x64.ActiveCfg = Debug|Any CPU
		{9F4773CE-6064-46D1-A3C2-D9FFE6550561}.Debug|x64.Build.0 = Debug|Any CPU
		{9F4773CE-6064-46D1-A3C2-D9FFE6550561}.Debug|x86.ActiveCfg = Debug|Any CPU
		{9F4773CE-6064-46D1-A3C2-D9FFE6550561}.Debug|x86.Build.0 = Debug|Any CPU
		{9F4773CE-6064-46D1-A3C2-D9FFE6550561}.Release|Any CPU.ActiveCfg = Release|Any CPU
		{9F4773CE-6064-46D1-A3C2-D9FFE6550561}.Release|Any CPU.Build.0 = Release|Any CPU
		{9F4773CE-6064-46D1-A3C2-D9FFE6550561}.Release|x64.ActiveCfg = Release|Any CPU
		{9F4773CE-6064-46D1-A3C2-D9FFE6550561}.Release|x64.Build.0 = Release|Any CPU
		{9F4773CE-6064-46D1-A3C2-D9FFE6550561}.Release|x86.ActiveCfg = Release|Any CPU
		{9F4773CE-6064-46D1-A3C2-D9FFE6550561}.Release|x86.Build.0 = Release|Any CPU
		{B1E33B83-9A23-4531-8708-3057590B79BB}.Debug|Any CPU.ActiveCfg = Debug|Any CPU
		{B1E33B83-9A23-4531-8708-3057590B79BB}.Debug|Any CPU.Build.0 = Debug|Any CPU
		{B1E33B83-9A23-4531-8708-3057590B79BB}.Debug|x64.ActiveCfg = Debug|Any CPU
		{B1E33B83-9A23-4531-8708-3057590B79BB}.Debug|x64.Build.0 = Debug|Any CPU
		{B1E33B83-9A23-4531-8708-3057590B79BB}.Debug|x86.ActiveCfg = Debug|Any CPU
		{B1E33B83-9A23-4531-8708-3057590B79BB}.Debug|x86.Build.0 = Debug|Any CPU
		{B1E33B83-9A23-4531-8708-3057590B79BB}.Release|Any CPU.ActiveCfg = Release|Any CPU
		{B1E33B83-9A23-4531-8708-3057590B79BB}.Release|Any CPU.Build.0 = Release|Any CPU
		{B1E33B83-9A23-4531-8708-3057590B79BB}.Release|x64.ActiveCfg = Release|Any CPU
		{B1E33B83-9A23-4531-8708-3057590B79BB}.Release|x64.Build.0 = Release|Any CPU
		{B1E33B83-9A23-4531-8708-3057590B79BB}.Release|x86.ActiveCfg = Release|Any CPU
		{B1E33B83-9A23-4531-8708-3057590B79BB}.Release|x86.Build.0 = Release|Any CPU
		{1A5B1F11-39DD-4733-B5CF-0508590C62E6}.Debug|Any CPU.ActiveCfg = Debug|Any CPU
		{1A5B1F11-39DD-4733-B5CF-0508590C62E6}.Debug|Any CPU.Build.0 = Debug|Any CPU
		{1A5B1F11-39DD-4733-B5CF-0508590C62E6}.Debug|x64.ActiveCfg = Debug|Any CPU
		{1A5B1F11-39DD-4733-B5CF-0508590C62E6}.Debug|x64.Build.0 = Debug|Any CPU
		{1A5B1F11-39DD-4733-B5CF-0508590C62E6}.Debug|x86.ActiveCfg = Debug|Any CPU
		{1A5B1F11-39DD-4733-B5CF-0508590C62E6}.Debug|x86.Build.0 = Debug|Any CPU
		{1A5B1F11-39DD-4733-B5CF-0508590C62E6}.Release|Any CPU.ActiveCfg = Release|Any CPU
		{1A5B1F11-39DD-4733-B5CF-0508590C62E6}.Release|Any CPU.Build.0 = Release|Any CPU
		{1A5B1F11-39DD-4733-B5CF-0508590C62E6}.Release|x64.ActiveCfg = Release|Any CPU
		{1A5B1F11-39DD-4733-B5CF-0508590C62E6}.Release|x64.Build.0 = Release|Any CPU
		{1A5B1F11-39DD-4733-B5CF-0508590C62E6}.Release|x86.ActiveCfg = Release|Any CPU
		{1A5B1F11-39DD-4733-B5CF-0508590C62E6}.Release|x86.Build.0 = Release|Any CPU
		{40EBD960-AA77-4292-8B57-5B9BC39474EC}.Debug|Any CPU.ActiveCfg = Debug|Any CPU
		{40EBD960-AA77-4292-8B57-5B9BC39474EC}.Debug|Any CPU.Build.0 = Debug|Any CPU
		{40EBD960-AA77-4292-8B57-5B9BC39474EC}.Debug|x64.ActiveCfg = Debug|Any CPU
		{40EBD960-AA77-4292-8B57-5B9BC39474EC}.Debug|x64.Build.0 = Debug|Any CPU
		{40EBD960-AA77-4292-8B57-5B9BC39474EC}.Debug|x86.ActiveCfg = Debug|Any CPU
		{40EBD960-AA77-4292-8B57-5B9BC39474EC}.Debug|x86.Build.0 = Debug|Any CPU
		{40EBD960-AA77-4292-8B57-5B9BC39474EC}.Release|Any CPU.ActiveCfg = Release|Any CPU
		{40EBD960-AA77-4292-8B57-5B9BC39474EC}.Release|Any CPU.Build.0 = Release|Any CPU
		{40EBD960-AA77-4292-8B57-5B9BC39474EC}.Release|x64.ActiveCfg = Release|Any CPU
		{40EBD960-AA77-4292-8B57-5B9BC39474EC}.Release|x64.Build.0 = Release|Any CPU
		{40EBD960-AA77-4292-8B57-5B9BC39474EC}.Release|x86.ActiveCfg = Release|Any CPU
		{40EBD960-AA77-4292-8B57-5B9BC39474EC}.Release|x86.Build.0 = Release|Any CPU
		{A37AE554-BD9E-49AA-B5B0-AF9827FB2DE9}.Debug|Any CPU.ActiveCfg = Debug|Any CPU
		{A37AE554-BD9E-49AA-B5B0-AF9827FB2DE9}.Debug|Any CPU.Build.0 = Debug|Any CPU
		{A37AE554-BD9E-49AA-B5B0-AF9827FB2DE9}.Debug|x64.ActiveCfg = Debug|Any CPU
		{A37AE554-BD9E-49AA-B5B0-AF9827FB2DE9}.Debug|x64.Build.0 = Debug|Any CPU
		{A37AE554-BD9E-49AA-B5B0-AF9827FB2DE9}.Debug|x86.ActiveCfg = Debug|Any CPU
		{A37AE554-BD9E-49AA-B5B0-AF9827FB2DE9}.Debug|x86.Build.0 = Debug|Any CPU
		{A37AE554-BD9E-49AA-B5B0-AF9827FB2DE9}.Release|Any CPU.ActiveCfg = Release|Any CPU
		{A37AE554-BD9E-49AA-B5B0-AF9827FB2DE9}.Release|Any CPU.Build.0 = Release|Any CPU
		{A37AE554-BD9E-49AA-B5B0-AF9827FB2DE9}.Release|x64.ActiveCfg = Release|Any CPU
		{A37AE554-BD9E-49AA-B5B0-AF9827FB2DE9}.Release|x64.Build.0 = Release|Any CPU
		{A37AE554-BD9E-49AA-B5B0-AF9827FB2DE9}.Release|x86.ActiveCfg = Release|Any CPU
		{A37AE554-BD9E-49AA-B5B0-AF9827FB2DE9}.Release|x86.Build.0 = Release|Any CPU
		{84909C00-6BBA-45BF-957D-5467524E7836}.Debug|Any CPU.ActiveCfg = Debug|Any CPU
		{84909C00-6BBA-45BF-957D-5467524E7836}.Debug|Any CPU.Build.0 = Debug|Any CPU
		{84909C00-6BBA-45BF-957D-5467524E7836}.Debug|x64.ActiveCfg = Debug|Any CPU
		{84909C00-6BBA-45BF-957D-5467524E7836}.Debug|x64.Build.0 = Debug|Any CPU
		{84909C00-6BBA-45BF-957D-5467524E7836}.Debug|x86.ActiveCfg = Debug|Any CPU
		{84909C00-6BBA-45BF-957D-5467524E7836}.Debug|x86.Build.0 = Debug|Any CPU
		{84909C00-6BBA-45BF-957D-5467524E7836}.Release|Any CPU.ActiveCfg = Release|Any CPU
		{84909C00-6BBA-45BF-957D-5467524E7836}.Release|Any CPU.Build.0 = Release|Any CPU
		{84909C00-6BBA-45BF-957D-5467524E7836}.Release|x64.ActiveCfg = Release|Any CPU
		{84909C00-6BBA-45BF-957D-5467524E7836}.Release|x64.Build.0 = Release|Any CPU
		{84909C00-6BBA-45BF-957D-5467524E7836}.Release|x86.ActiveCfg = Release|Any CPU
		{84909C00-6BBA-45BF-957D-5467524E7836}.Release|x86.Build.0 = Release|Any CPU
		{BC035BEE-03D0-41D2-B483-C752F5F9DB47}.Debug|Any CPU.ActiveCfg = Debug|Any CPU
		{BC035BEE-03D0-41D2-B483-C752F5F9DB47}.Debug|Any CPU.Build.0 = Debug|Any CPU
		{BC035BEE-03D0-41D2-B483-C752F5F9DB47}.Debug|x64.ActiveCfg = Debug|Any CPU
		{BC035BEE-03D0-41D2-B483-C752F5F9DB47}.Debug|x64.Build.0 = Debug|Any CPU
		{BC035BEE-03D0-41D2-B483-C752F5F9DB47}.Debug|x86.ActiveCfg = Debug|Any CPU
		{BC035BEE-03D0-41D2-B483-C752F5F9DB47}.Debug|x86.Build.0 = Debug|Any CPU
		{BC035BEE-03D0-41D2-B483-C752F5F9DB47}.Release|Any CPU.ActiveCfg = Release|Any CPU
		{BC035BEE-03D0-41D2-B483-C752F5F9DB47}.Release|Any CPU.Build.0 = Release|Any CPU
		{BC035BEE-03D0-41D2-B483-C752F5F9DB47}.Release|x64.ActiveCfg = Release|Any CPU
		{BC035BEE-03D0-41D2-B483-C752F5F9DB47}.Release|x64.Build.0 = Release|Any CPU
		{BC035BEE-03D0-41D2-B483-C752F5F9DB47}.Release|x86.ActiveCfg = Release|Any CPU
		{BC035BEE-03D0-41D2-B483-C752F5F9DB47}.Release|x86.Build.0 = Release|Any CPU
		{706D6BD9-ACE8-446C-9734-0D49F6D73B60}.Debug|Any CPU.ActiveCfg = Debug|Any CPU
		{706D6BD9-ACE8-446C-9734-0D49F6D73B60}.Debug|Any CPU.Build.0 = Debug|Any CPU
		{706D6BD9-ACE8-446C-9734-0D49F6D73B60}.Debug|x64.ActiveCfg = Debug|Any CPU
		{706D6BD9-ACE8-446C-9734-0D49F6D73B60}.Debug|x64.Build.0 = Debug|Any CPU
		{706D6BD9-ACE8-446C-9734-0D49F6D73B60}.Debug|x86.ActiveCfg = Debug|Any CPU
		{706D6BD9-ACE8-446C-9734-0D49F6D73B60}.Debug|x86.Build.0 = Debug|Any CPU
		{706D6BD9-ACE8-446C-9734-0D49F6D73B60}.Release|Any CPU.ActiveCfg = Release|Any CPU
		{706D6BD9-ACE8-446C-9734-0D49F6D73B60}.Release|Any CPU.Build.0 = Release|Any CPU
		{706D6BD9-ACE8-446C-9734-0D49F6D73B60}.Release|x64.ActiveCfg = Release|Any CPU
		{706D6BD9-ACE8-446C-9734-0D49F6D73B60}.Release|x64.Build.0 = Release|Any CPU
		{706D6BD9-ACE8-446C-9734-0D49F6D73B60}.Release|x86.ActiveCfg = Release|Any CPU
		{706D6BD9-ACE8-446C-9734-0D49F6D73B60}.Release|x86.Build.0 = Release|Any CPU
		{5620201A-4038-4B17-AD2C-FD1E0E4B45AA}.Debug|Any CPU.ActiveCfg = Debug|Any CPU
		{5620201A-4038-4B17-AD2C-FD1E0E4B45AA}.Debug|Any CPU.Build.0 = Debug|Any CPU
		{5620201A-4038-4B17-AD2C-FD1E0E4B45AA}.Debug|x64.ActiveCfg = Debug|Any CPU
		{5620201A-4038-4B17-AD2C-FD1E0E4B45AA}.Debug|x64.Build.0 = Debug|Any CPU
		{5620201A-4038-4B17-AD2C-FD1E0E4B45AA}.Debug|x86.ActiveCfg = Debug|Any CPU
		{5620201A-4038-4B17-AD2C-FD1E0E4B45AA}.Debug|x86.Build.0 = Debug|Any CPU
		{5620201A-4038-4B17-AD2C-FD1E0E4B45AA}.Release|Any CPU.ActiveCfg = Release|Any CPU
		{5620201A-4038-4B17-AD2C-FD1E0E4B45AA}.Release|Any CPU.Build.0 = Release|Any CPU
		{5620201A-4038-4B17-AD2C-FD1E0E4B45AA}.Release|x64.ActiveCfg = Release|Any CPU
		{5620201A-4038-4B17-AD2C-FD1E0E4B45AA}.Release|x64.Build.0 = Release|Any CPU
		{5620201A-4038-4B17-AD2C-FD1E0E4B45AA}.Release|x86.ActiveCfg = Release|Any CPU
		{5620201A-4038-4B17-AD2C-FD1E0E4B45AA}.Release|x86.Build.0 = Release|Any CPU
		{DA03824D-5F78-4ABB-AFCF-B8190772B83C}.Debug|Any CPU.ActiveCfg = Debug|Any CPU
		{DA03824D-5F78-4ABB-AFCF-B8190772B83C}.Debug|Any CPU.Build.0 = Debug|Any CPU
		{DA03824D-5F78-4ABB-AFCF-B8190772B83C}.Debug|x64.ActiveCfg = Debug|Any CPU
		{DA03824D-5F78-4ABB-AFCF-B8190772B83C}.Debug|x64.Build.0 = Debug|Any CPU
		{DA03824D-5F78-4ABB-AFCF-B8190772B83C}.Debug|x86.ActiveCfg = Debug|Any CPU
		{DA03824D-5F78-4ABB-AFCF-B8190772B83C}.Debug|x86.Build.0 = Debug|Any CPU
		{DA03824D-5F78-4ABB-AFCF-B8190772B83C}.Release|Any CPU.ActiveCfg = Release|Any CPU
		{DA03824D-5F78-4ABB-AFCF-B8190772B83C}.Release|Any CPU.Build.0 = Release|Any CPU
		{DA03824D-5F78-4ABB-AFCF-B8190772B83C}.Release|x64.ActiveCfg = Release|Any CPU
		{DA03824D-5F78-4ABB-AFCF-B8190772B83C}.Release|x64.Build.0 = Release|Any CPU
		{DA03824D-5F78-4ABB-AFCF-B8190772B83C}.Release|x86.ActiveCfg = Release|Any CPU
		{DA03824D-5F78-4ABB-AFCF-B8190772B83C}.Release|x86.Build.0 = Release|Any CPU
	EndGlobalSection
	GlobalSection(SolutionProperties) = preSolution
		HideSolutionNode = FALSE
	EndGlobalSection
	GlobalSection(ExtensibilityGlobals) = postSolution
		SolutionGuid = {E09B1665-1976-4F3A-8129-91BE884028B8}
	EndGlobalSection
EndGlobal
